
Microsoft Visual Studio Solution File, Format Version 12.00
# Visual Studio Version 16
VisualStudioVersion = 16.0.29326.143
MinimumVisualStudioVersion = 10.0.40219.1
Project("{FAE04EC0-301F-11D3-BF4B-00C04F79EFBC}") = "TestAttributeBasedFactory", "TestAttributeBasedFactory\TestAttributeBasedFactory.csproj", "{3DC9EA0D-2693-4DD5-872B-31CE88769373}"
EndProject
Project("{9A19103F-16F7-4668-BE54-9A1E7A4F7556}") = "Printers", "Printers\Printers.csproj", "{53A3E43C-42AA-40D6-B0B6-6EC85B845017}"
EndProject
Global
	GlobalSection(SolutionConfigurationPlatforms) = preSolution
		Debug|Any CPU = Debug|Any CPU
		Release|Any CPU = Release|Any CPU
	EndGlobalSection
	GlobalSection(ProjectConfigurationPlatforms) = postSolution
		{3DC9EA0D-2693-4DD5-872B-31CE88769373}.Debug|Any CPU.ActiveCfg = Debug|Any CPU
		{3DC9EA0D-2693-4DD5-872B-31CE88769373}.Debug|Any CPU.Build.0 = Debug|Any CPU
		{3DC9EA0D-2693-4DD5-872B-31CE88769373}.Release|Any CPU.ActiveCfg = Release|Any CPU
		{3DC9EA0D-2693-4DD5-872B-31CE88769373}.Release|Any CPU.Build.0 = Release|Any CPU
		{53A3E43C-42AA-40D6-B0B6-6EC85B845017}.Debug|Any CPU.ActiveCfg = Debug|Any CPU
		{53A3E43C-42AA-40D6-B0B6-6EC85B845017}.Debug|Any CPU.Build.0 = Debug|Any CPU
		{53A3E43C-42AA-40D6-B0B6-6EC85B845017}.Release|Any CPU.ActiveCfg = Release|Any CPU
		{53A3E43C-42AA-40D6-B0B6-6EC85B845017}.Release|Any CPU.Build.0 = Release|Any CPU
	EndGlobalSection
	GlobalSection(SolutionProperties) = preSolution
		HideSolutionNode = FALSE
	EndGlobalSection
	GlobalSection(ExtensibilityGlobals) = postSolution
		SolutionGuid = {F072B083-887A-46CD-BEF3-2D8071B09C17}
	EndGlobalSection
EndGlobal
